
Microsoft Visual Studio Solution File, Format Version 12.00
Project("{FAE04EC0-301F-11D3-BF4B-00C04F79EFBC}") = "iris-prediction", "iris-prediction\iris-prediction.csproj", "{7F6B9CFA-E0CE-4AFE-96AE-2FF13BB792F2}"
EndProject
Global
	GlobalSection(SolutionConfigurationPlatforms) = preSolution
		Debug|Any CPU = Debug|Any CPU
		Release|Any CPU = Release|Any CPU
	EndGlobalSection
	GlobalSection(ProjectConfigurationPlatforms) = postSolution
		{7F6B9CFA-E0CE-4AFE-96AE-2FF13BB792F2}.Debug|Any CPU.ActiveCfg = Debug|Any CPU
		{7F6B9CFA-E0CE-4AFE-96AE-2FF13BB792F2}.Debug|Any CPU.Build.0 = Debug|Any CPU
		{7F6B9CFA-E0CE-4AFE-96AE-2FF13BB792F2}.Release|Any CPU.ActiveCfg = Release|Any CPU
		{7F6B9CFA-E0CE-4AFE-96AE-2FF13BB792F2}.Release|Any CPU.Build.0 = Release|Any CPU
	EndGlobalSection
EndGlobal
